
Microsoft Visual Studio Solution File, Format Version 12.00
# Visual Studio Version 16
VisualStudioVersion = 16.0.32106.194
MinimumVisualStudioVersion = 10.0.40219.1
Project("{FAE04EC0-301F-11D3-BF4B-00C04F79EFBC}") = "GestionDeCompras", "GestionDeCompras\GestionDeCompras.csproj", "{24D46F03-F6FA-425A-997B-810C9EEC4317}"
EndProject
Global
	GlobalSection(SolutionConfigurationPlatforms) = preSolution
		Debug|Any CPU = Debug|Any CPU
		Release|Any CPU = Release|Any CPU
	EndGlobalSection
	GlobalSection(ProjectConfigurationPlatforms) = postSolution
		{24D46F03-F6FA-425A-997B-810C9EEC4317}.Debug|Any CPU.ActiveCfg = Debug|Any CPU
		{24D46F03-F6FA-425A-997B-810C9EEC4317}.Debug|Any CPU.Build.0 = Debug|Any CPU
		{24D46F03-F6FA-425A-997B-810C9EEC4317}.Release|Any CPU.ActiveCfg = Release|Any CPU
		{24D46F03-F6FA-425A-997B-810C9EEC4317}.Release|Any CPU.Build.0 = Release|Any CPU
	EndGlobalSection
	GlobalSection(SolutionProperties) = preSolution
		HideSolutionNode = FALSE
	EndGlobalSection
	GlobalSection(ExtensibilityGlobals) = postSolution
		SolutionGuid = {A0BC36EF-4028-4E11-9356-0D63B051350B}
	EndGlobalSection
EndGlobal
